
Microsoft Visual Studio Solution File, Format Version 12.00
# Visual Studio 2013
VisualStudioVersion = 12.0.31101.0
MinimumVisualStudioVersion = 10.0.40219.1
Project("{FAE04EC0-301F-11D3-BF4B-00C04F79EFBC}") = "draftday.mvc", "draftday.mvc\draftday.mvc.csproj", "{6AB89523-603F-46D4-BC0B-B627FBE775CF}"
EndProject
Project("{FAE04EC0-301F-11D3-BF4B-00C04F79EFBC}") = "draftday", "..\draftday\draftday.csproj", "{AD23360A-39E3-45FF-A567-45BA0959C016}"
EndProject
Project("{FAE04EC0-301F-11D3-BF4B-00C04F79EFBC}") = "draftday.tests", "draftday.tests\draftday.tests.csproj", "{146E60B2-E6D2-44E0-854C-9AC94C10D16D}"
EndProject
Global
	GlobalSection(SolutionConfigurationPlatforms) = preSolution
		Debug|Any CPU = Debug|Any CPU
		Release|Any CPU = Release|Any CPU
	EndGlobalSection
	GlobalSection(ProjectConfigurationPlatforms) = postSolution
		{6AB89523-603F-46D4-BC0B-B627FBE775CF}.Debug|Any CPU.ActiveCfg = Debug|Any CPU
		{6AB89523-603F-46D4-BC0B-B627FBE775CF}.Debug|Any CPU.Build.0 = Debug|Any CPU
		{6AB89523-603F-46D4-BC0B-B627FBE775CF}.Release|Any CPU.ActiveCfg = Release|Any CPU
		{6AB89523-603F-46D4-BC0B-B627FBE775CF}.Release|Any CPU.Build.0 = Release|Any CPU
		{AD23360A-39E3-45FF-A567-45BA0959C016}.Debug|Any CPU.ActiveCfg = Debug|Any CPU
		{AD23360A-39E3-45FF-A567-45BA0959C016}.Debug|Any CPU.Build.0 = Debug|Any CPU
		{AD23360A-39E3-45FF-A567-45BA0959C016}.Release|Any CPU.ActiveCfg = Release|Any CPU
		{AD23360A-39E3-45FF-A567-45BA0959C016}.Release|Any CPU.Build.0 = Release|Any CPU
		{146E60B2-E6D2-44E0-854C-9AC94C10D16D}.Debug|Any CPU.ActiveCfg = Debug|Any CPU
		{146E60B2-E6D2-44E0-854C-9AC94C10D16D}.Debug|Any CPU.Build.0 = Debug|Any CPU
		{146E60B2-E6D2-44E0-854C-9AC94C10D16D}.Release|Any CPU.ActiveCfg = Release|Any CPU
		{146E60B2-E6D2-44E0-854C-9AC94C10D16D}.Release|Any CPU.Build.0 = Release|Any CPU
	EndGlobalSection
	GlobalSection(SolutionProperties) = preSolution
		HideSolutionNode = FALSE
	EndGlobalSection
EndGlobal
