
Microsoft Visual Studio Solution File, Format Version 12.00
# Visual Studio 2013
VisualStudioVersion = 12.0.31101.0
MinimumVisualStudioVersion = 10.0.40219.1
Project("{FAE04EC0-301F-11D3-BF4B-00C04F79EFBC}") = "scheduler", "scheduler\scheduler.csproj", "{588A2D27-8656-4967-92A8-F4C94B3A22A1}"
EndProject
Project("{FAE04EC0-301F-11D3-BF4B-00C04F79EFBC}") = "scheduler.tests", "scheduler.tests\scheduler.tests.csproj", "{92647115-C275-4553-9F2D-453B84A74AA2}"
EndProject
Global
	GlobalSection(SolutionConfigurationPlatforms) = preSolution
		Debug|Any CPU = Debug|Any CPU
		Release|Any CPU = Release|Any CPU
	EndGlobalSection
	GlobalSection(ProjectConfigurationPlatforms) = postSolution
		{588A2D27-8656-4967-92A8-F4C94B3A22A1}.Debug|Any CPU.ActiveCfg = Debug|Any CPU
		{588A2D27-8656-4967-92A8-F4C94B3A22A1}.Debug|Any CPU.Build.0 = Debug|Any CPU
		{588A2D27-8656-4967-92A8-F4C94B3A22A1}.Release|Any CPU.ActiveCfg = Release|Any CPU
		{588A2D27-8656-4967-92A8-F4C94B3A22A1}.Release|Any CPU.Build.0 = Release|Any CPU
		{92647115-C275-4553-9F2D-453B84A74AA2}.Debug|Any CPU.ActiveCfg = Debug|Any CPU
		{92647115-C275-4553-9F2D-453B84A74AA2}.Debug|Any CPU.Build.0 = Debug|Any CPU
		{92647115-C275-4553-9F2D-453B84A74AA2}.Release|Any CPU.ActiveCfg = Release|Any CPU
		{92647115-C275-4553-9F2D-453B84A74AA2}.Release|Any CPU.Build.0 = Release|Any CPU
	EndGlobalSection
	GlobalSection(SolutionProperties) = preSolution
		HideSolutionNode = FALSE
	EndGlobalSection
EndGlobal
